
Microsoft Visual Studio Solution File, Format Version 12.00
# Visual Studio Version 16
VisualStudioVersion = 16.0.30114.105
MinimumVisualStudioVersion = 10.0.40219.1
Project("{2150E333-8FDC-42A3-9474-1A3956D46DE8}") = "src", "src", "{69700159-2472-4E72-9A47-DBCE3B4B2DD6}"
EndProject
Project("{FAE04EC0-301F-11D3-BF4B-00C04F79EFBC}") = "JacksonVeroneze.NET.Cache", "src\JacksonVeroneze.NET.Cache\JacksonVeroneze.NET.Cache.csproj", "{2DD6D78D-A323-4558-9A3C-AC6B83E442C2}"
EndProject
Project("{2150E333-8FDC-42A3-9474-1A3956D46DE8}") = "Solution Items", "Solution Items", "{4617355E-6977-4D9A-B60E-7967E0B2F140}"
	ProjectSection(SolutionItems) = preProject
		.editorconfig = .editorconfig
		.gitignore = .gitignore
		global.json = global.json
		LICENSE = LICENSE
		README.md = README.md
		Directory.Packages.props = Directory.Packages.props
		Directory.Build.props = Directory.Build.props
		nuget.config = nuget.config
		BannedSymbols.txt = BannedSymbols.txt
		AssemblyInfo.cs = AssemblyInfo.cs
	EndProjectSection
EndProject
Project("{2150E333-8FDC-42A3-9474-1A3956D46DE8}") = "tests", "tests", "{59B69C29-BE73-438B-9FF5-AFEC10404C69}"
EndProject
Project("{FAE04EC0-301F-11D3-BF4B-00C04F79EFBC}") = "JacksonVeroneze.NET.Cache.UnitTests", "tests\JacksonVeroneze.NET.Cache.UnitTests\JacksonVeroneze.NET.Cache.UnitTests.csproj", "{3E0FC1BC-C8C8-4406-B67C-A0F7D7736A7C}"
EndProject
Project("{FAE04EC0-301F-11D3-BF4B-00C04F79EFBC}") = "JacksonVeroneze.NET.Cache.Util", "tests\JacksonVeroneze.NET.Cache.Util\JacksonVeroneze.NET.Cache.Util.csproj", "{A2A68056-1A5D-491D-953A-C848641996DF}"
EndProject
Project("{FAE04EC0-301F-11D3-BF4B-00C04F79EFBC}") = "JacksonVeroneze.NET.BarrelCache", "src\JacksonVeroneze.NET.BarrelCache\JacksonVeroneze.NET.BarrelCache.csproj", "{7BB6E47B-08D1-4080-90A2-145D9F651B61}"
EndProject
Project("{FAE04EC0-301F-11D3-BF4B-00C04F79EFBC}") = "JacksonVeroneze.NET.DistributedCache", "src\JacksonVeroneze.NET.DistributedCache\JacksonVeroneze.NET.DistributedCache.csproj", "{2DED59DB-B360-4AB8-BB63-9E8B9556A402}"
EndProject
Project("{FAE04EC0-301F-11D3-BF4B-00C04F79EFBC}") = "JacksonVeroneze.NET.Cache.BarrelCache.UnitTests", "tests\JacksonVeroneze.NET.Cache.BarrelCache.UnitTests\JacksonVeroneze.NET.Cache.BarrelCache.UnitTests.csproj", "{2C4172BC-72E3-469A-9793-62E7CB098368}"
EndProject
Project("{FAE04EC0-301F-11D3-BF4B-00C04F79EFBC}") = "JacksonVeroneze.NET.Cache.DistributedCache.UnitTests", "tests\JacksonVeroneze.NET.Cache.DistributedCache.UnitTests\JacksonVeroneze.NET.Cache.DistributedCache.UnitTests.csproj", "{CC1A0783-1A3A-4F64-8F73-B0FB0C6010CB}"
EndProject
Project("{2150E333-8FDC-42A3-9474-1A3956D46DE8}") = "github", "github", "{2F278441-D3E3-4DDF-93AF-DF70F615FABC}"
	ProjectSection(SolutionItems) = preProject
		.github\workflows\run-commit-linter.yml = .github\workflows\run-commit-linter.yml
		.github\workflows\run-create-package.yml = .github\workflows\run-create-package.yml
		.github\workflows\run-pr-assign.yml = .github\workflows\run-pr-assign.yml
		.github\workflows\run-unit-tests.yml = .github\workflows\run-unit-tests.yml
	EndProjectSection
EndProject
Global
	GlobalSection(SolutionConfigurationPlatforms) = preSolution
		Debug|Any CPU = Debug|Any CPU
		Release|Any CPU = Release|Any CPU
	EndGlobalSection
	GlobalSection(SolutionProperties) = preSolution
		HideSolutionNode = FALSE
	EndGlobalSection
	GlobalSection(ProjectConfigurationPlatforms) = postSolution
		{2DD6D78D-A323-4558-9A3C-AC6B83E442C2}.Debug|Any CPU.ActiveCfg = Debug|Any CPU
		{2DD6D78D-A323-4558-9A3C-AC6B83E442C2}.Debug|Any CPU.Build.0 = Debug|Any CPU
		{2DD6D78D-A323-4558-9A3C-AC6B83E442C2}.Release|Any CPU.ActiveCfg = Release|Any CPU
		{2DD6D78D-A323-4558-9A3C-AC6B83E442C2}.Release|Any CPU.Build.0 = Release|Any CPU
		{3E0FC1BC-C8C8-4406-B67C-A0F7D7736A7C}.Debug|Any CPU.ActiveCfg = Debug|Any CPU
		{3E0FC1BC-C8C8-4406-B67C-A0F7D7736A7C}.Debug|Any CPU.Build.0 = Debug|Any CPU
		{3E0FC1BC-C8C8-4406-B67C-A0F7D7736A7C}.Release|Any CPU.ActiveCfg = Release|Any CPU
		{3E0FC1BC-C8C8-4406-B67C-A0F7D7736A7C}.Release|Any CPU.Build.0 = Release|Any CPU
		{A2A68056-1A5D-491D-953A-C848641996DF}.Debug|Any CPU.ActiveCfg = Debug|Any CPU
		{A2A68056-1A5D-491D-953A-C848641996DF}.Debug|Any CPU.Build.0 = Debug|Any CPU
		{A2A68056-1A5D-491D-953A-C848641996DF}.Release|Any CPU.ActiveCfg = Release|Any CPU
		{A2A68056-1A5D-491D-953A-C848641996DF}.Release|Any CPU.Build.0 = Release|Any CPU
		{7BB6E47B-08D1-4080-90A2-145D9F651B61}.Debug|Any CPU.ActiveCfg = Debug|Any CPU
		{7BB6E47B-08D1-4080-90A2-145D9F651B61}.Debug|Any CPU.Build.0 = Debug|Any CPU
		{7BB6E47B-08D1-4080-90A2-145D9F651B61}.Release|Any CPU.ActiveCfg = Release|Any CPU
		{7BB6E47B-08D1-4080-90A2-145D9F651B61}.Release|Any CPU.Build.0 = Release|Any CPU
		{2DED59DB-B360-4AB8-BB63-9E8B9556A402}.Debug|Any CPU.ActiveCfg = Debug|Any CPU
		{2DED59DB-B360-4AB8-BB63-9E8B9556A402}.Debug|Any CPU.Build.0 = Debug|Any CPU
		{2DED59DB-B360-4AB8-BB63-9E8B9556A402}.Release|Any CPU.ActiveCfg = Release|Any CPU
		{2DED59DB-B360-4AB8-BB63-9E8B9556A402}.Release|Any CPU.Build.0 = Release|Any CPU
		{2C4172BC-72E3-469A-9793-62E7CB098368}.Debug|Any CPU.ActiveCfg = Debug|Any CPU
		{2C4172BC-72E3-469A-9793-62E7CB098368}.Debug|Any CPU.Build.0 = Debug|Any CPU
		{2C4172BC-72E3-469A-9793-62E7CB098368}.Release|Any CPU.ActiveCfg = Release|Any CPU
		{2C4172BC-72E3-469A-9793-62E7CB098368}.Release|Any CPU.Build.0 = Release|Any CPU
		{CC1A0783-1A3A-4F64-8F73-B0FB0C6010CB}.Debug|Any CPU.ActiveCfg = Debug|Any CPU
		{CC1A0783-1A3A-4F64-8F73-B0FB0C6010CB}.Debug|Any CPU.Build.0 = Debug|Any CPU
		{CC1A0783-1A3A-4F64-8F73-B0FB0C6010CB}.Release|Any CPU.ActiveCfg = Release|Any CPU
		{CC1A0783-1A3A-4F64-8F73-B0FB0C6010CB}.Release|Any CPU.Build.0 = Release|Any CPU
	EndGlobalSection
	GlobalSection(NestedProjects) = preSolution
		{2DD6D78D-A323-4558-9A3C-AC6B83E442C2} = {69700159-2472-4E72-9A47-DBCE3B4B2DD6}
		{3E0FC1BC-C8C8-4406-B67C-A0F7D7736A7C} = {59B69C29-BE73-438B-9FF5-AFEC10404C69}
		{A2A68056-1A5D-491D-953A-C848641996DF} = {59B69C29-BE73-438B-9FF5-AFEC10404C69}
		{7BB6E47B-08D1-4080-90A2-145D9F651B61} = {69700159-2472-4E72-9A47-DBCE3B4B2DD6}
		{2DED59DB-B360-4AB8-BB63-9E8B9556A402} = {69700159-2472-4E72-9A47-DBCE3B4B2DD6}
		{2C4172BC-72E3-469A-9793-62E7CB098368} = {59B69C29-BE73-438B-9FF5-AFEC10404C69}
		{CC1A0783-1A3A-4F64-8F73-B0FB0C6010CB} = {59B69C29-BE73-438B-9FF5-AFEC10404C69}
		{2F278441-D3E3-4DDF-93AF-DF70F615FABC} = {4617355E-6977-4D9A-B60E-7967E0B2F140}
	EndGlobalSection
EndGlobal
